
Microsoft Visual Studio Solution File, Format Version 12.00
# Visual Studio Version 16
VisualStudioVersion = 16.0.31005.135
MinimumVisualStudioVersion = 10.0.40219.1
Project("{FAE04EC0-301F-11D3-BF4B-00C04F79EFBC}") = "TypesAndVariables", "TypesAndVariables\TypesAndVariables.csproj", "{ECFA9E17-66F0-42C7-8C12-C1B06D111BC2}"
EndProject
Project("{FAE04EC0-301F-11D3-BF4B-00C04F79EFBC}") = "Conditionals", "Conditionals\Conditionals.csproj", "{E4642B1C-BBB3-4805-A3D8-970A2927E2D9}"
EndProject
Global
	GlobalSection(SolutionConfigurationPlatforms) = preSolution
		Debug|Any CPU = Debug|Any CPU
		Release|Any CPU = Release|Any CPU
	EndGlobalSection
	GlobalSection(ProjectConfigurationPlatforms) = postSolution
		{ECFA9E17-66F0-42C7-8C12-C1B06D111BC2}.Debug|Any CPU.ActiveCfg = Debug|Any CPU
		{ECFA9E17-66F0-42C7-8C12-C1B06D111BC2}.Debug|Any CPU.Build.0 = Debug|Any CPU
		{ECFA9E17-66F0-42C7-8C12-C1B06D111BC2}.Release|Any CPU.ActiveCfg = Release|Any CPU
		{ECFA9E17-66F0-42C7-8C12-C1B06D111BC2}.Release|Any CPU.Build.0 = Release|Any CPU
		{E4642B1C-BBB3-4805-A3D8-970A2927E2D9}.Debug|Any CPU.ActiveCfg = Debug|Any CPU
		{E4642B1C-BBB3-4805-A3D8-970A2927E2D9}.Debug|Any CPU.Build.0 = Debug|Any CPU
		{E4642B1C-BBB3-4805-A3D8-970A2927E2D9}.Release|Any CPU.ActiveCfg = Release|Any CPU
		{E4642B1C-BBB3-4805-A3D8-970A2927E2D9}.Release|Any CPU.Build.0 = Release|Any CPU
	EndGlobalSection
	GlobalSection(SolutionProperties) = preSolution
		HideSolutionNode = FALSE
	EndGlobalSection
	GlobalSection(ExtensibilityGlobals) = postSolution
		SolutionGuid = {3D0FDC56-75F4-45E8-AA44-1F2D2CEA9B09}
	EndGlobalSection
EndGlobal
